<?xml version="1.0" encoding="utf-8"?>
<Project ToolsVersion="4.0" xmlns="http://schemas.microsoft.com/developer/msbuild/2003">
  <ItemGroup>
    <Filter Include="소스 파일">
      <UniqueIdentifier>{4FC737F1-C7A5-4376-A066-2A32D752A2FF}</UniqueIdentifier>
      <Extensions>cpp;c;cc;cxx;c++;cppm;ixx;def;odl;idl;hpj;bat;asm;asmx</Extensions>
    </Filter>
    <Filter Include="헤더 파일">
      <UniqueIdentifier>{93995380-89BD-4b04-88EB-625FBE52EBFB}</UniqueIdentifier>
      <Extensions>h;hh;hpp;hxx;h++;hm;inl;inc;ipp;xsd</Extensions>
    </Filter>
    <Filter Include="리소스 파일">
      <UniqueIdentifier>{67DA6AB6-F800-4c08-8B7A-83BB121AAD01}</UniqueIdentifier>
      <Extensions>rc;ico;cur;bmp;dlg;rc2;rct;bin;rgs;gif;jpg;jpeg;jpe;resx;tiff;tif;png;wav;mfcribbon-ms</Extensions>
    </Filter>
    <Filter Include="MainGame">
      <UniqueIdentifier>{38d3a7ac-1709-427f-94a9-39068be1d2db}</UniqueIdentifier>
    </Filter>
    <Filter Include="FrameWork">
      <UniqueIdentifier>{010e887a-f5e6-440b-bfdb-175ca77fffa0}</UniqueIdentifier>
    </Filter>
    <Filter Include="FrameWork\Image">
      <UniqueIdentifier>{37b57899-2369-4952-b768-e73f854104b6}</UniqueIdentifier>
    </Filter>
    <Filter Include="FrameWork\Timer">
      <UniqueIdentifier>{20766423-5514-40fb-8b96-572caba16d81}</UniqueIdentifier>
    </Filter>
    <Filter Include="FrameWork\_Singleton">
      <UniqueIdentifier>{663bedd2-f814-4f63-8d58-bfc698a48956}</UniqueIdentifier>
    </Filter>
    <Filter Include="FrameWork\GameObject">
      <UniqueIdentifier>{04dab7eb-cac7-4ef2-b8a3-461383a510a4}</UniqueIdentifier>
    </Filter>
    <Filter Include="FrameWork\GameObject\Monster">
      <UniqueIdentifier>{ddb39bb7-a984-4216-86a8-ff705e65d112}</UniqueIdentifier>
    </Filter>
    <Filter Include="MainGame\GameObject">
      <UniqueIdentifier>{4f32c7c6-9be9-4854-beda-4ffb5b3470ec}</UniqueIdentifier>
    </Filter>
    <Filter Include="MainGame\GameObject\Player">
      <UniqueIdentifier>{f8a09fee-90f5-4f73-8ee7-f354f6cee0b7}</UniqueIdentifier>
    </Filter>
    <Filter Include="MainGame\Scene">
      <UniqueIdentifier>{4258ccba-f5ff-4f61-ac68-ca0d6cdfe272}</UniqueIdentifier>
    </Filter>
    <Filter Include="MainGame\GameObject\Weapon">
      <UniqueIdentifier>{554c56a5-35a5-4377-9b13-860068776338}</UniqueIdentifier>
    </Filter>
    <Filter Include="MainGame\GameObject\Button">
      <UniqueIdentifier>{526ea7c7-cb42-4367-a5c4-9e6c6b932e14}</UniqueIdentifier>
    </Filter>
    <Filter Include="FrameWork\Scene">
      <UniqueIdentifier>{e5ea7047-2680-4d25-9376-47d0f219b5bc}</UniqueIdentifier>
    </Filter>
    <Filter Include="FrameWork\Input">
      <UniqueIdentifier>{7fe31e98-97eb-4632-9477-902af3e47a3f}</UniqueIdentifier>
    </Filter>
    <Filter Include="MainGame\GameObject\Enemy">
      <UniqueIdentifier>{30cbc23a-613f-4eed-b23b-5531fd2f4fdd}</UniqueIdentifier>
    </Filter>
    <Filter Include="MainGame\GameObject\Enemy\Normal Monster">
      <UniqueIdentifier>{e302fcba-dbd9-4453-974e-b2c085615e4a}</UniqueIdentifier>
    </Filter>
    <Filter Include="MainGame\GameObject\Enemy\Boss Monster">
      <UniqueIdentifier>{dc042360-3994-4bd4-a9d3-936f32f0d77d}</UniqueIdentifier>
    </Filter>
    <Filter Include="MainGame\GameObject\MapEditing">
      <UniqueIdentifier>{01039fbf-d59d-4c89-95bd-de1e3a480b1a}</UniqueIdentifier>
    </Filter>
    <Filter Include="MainGame\GameObject\DoorEditing">
      <UniqueIdentifier>{f2654b5f-eeca-4e22-ae38-666157a791ec}</UniqueIdentifier>
    </Filter>
    <Filter Include="MainGame\GameObject\RoomEditing">
      <UniqueIdentifier>{00e61f00-5601-471a-8767-604fbc916aa7}</UniqueIdentifier>
    </Filter>
  </ItemGroup>
  <ItemGroup>
    <ClCompile Include="Main.cpp">
      <Filter>소스 파일</Filter>
    </ClCompile>
    <ClCompile Include="MainGame.cpp">
      <Filter>MainGame</Filter>
    </ClCompile>
    <ClCompile Include="Image.cpp">
      <Filter>FrameWork\Image</Filter>
    </ClCompile>
    <ClCompile Include="Timer.cpp">
      <Filter>FrameWork\Timer</Filter>
    </ClCompile>
    <ClCompile Include="ImageManager.cpp">
      <Filter>FrameWork\_Singleton</Filter>
    </ClCompile>
    <ClCompile Include="KeyManager.cpp">
      <Filter>FrameWork\_Singleton</Filter>
    </ClCompile>
    <ClCompile Include="SceneManager.cpp">
      <Filter>FrameWork\_Singleton</Filter>
    </ClCompile>
    <ClCompile Include="TimeManager.cpp">
      <Filter>FrameWork\_Singleton</Filter>
    </ClCompile>
    <ClCompile Include="Scene.cpp">
      <Filter>FrameWork\Scene</Filter>
    </ClCompile>
    <ClCompile Include="GameObject.cpp">
      <Filter>FrameWork\GameObject</Filter>
    </ClCompile>
    <ClCompile Include="Monster.cpp">
      <Filter>FrameWork\GameObject\Monster</Filter>
    </ClCompile>
    <ClCompile Include="Player.cpp">
      <Filter>MainGame\GameObject\Player</Filter>
    </ClCompile>
    <ClCompile Include="TitleScene.cpp">
      <Filter>MainGame\Scene</Filter>
    </ClCompile>
    <ClCompile Include="InGameScene.cpp">
      <Filter>MainGame\Scene</Filter>
    </ClCompile>
    <ClCompile Include="Weapon.cpp">
      <Filter>MainGame\GameObject\Weapon</Filter>
    </ClCompile>
    <ClCompile Include="WeaponManager.cpp">
      <Filter>MainGame\GameObject\Weapon</Filter>
    </ClCompile>
    <ClCompile Include="TilemapToolScene.cpp">
      <Filter>MainGame\Scene</Filter>
    </ClCompile>
    <ClCompile Include="Button.cpp">
      <Filter>MainGame\GameObject\Button</Filter>
    </ClCompile>
    <ClCompile Include="ButtonFunction.cpp">
      <Filter>MainGame\GameObject\Button</Filter>
    </ClCompile>
    <ClCompile Include="Input.cpp">
      <Filter>FrameWork\Input</Filter>
    </ClCompile>
    <ClCompile Include="MapEditing.cpp">
      <Filter>MainGame\GameObject\MapEditing</Filter>
    </ClCompile>
    <ClCompile Include="Stage01Scene.cpp">
      <Filter>MainGame\Scene</Filter>
    </ClCompile>
    <ClCompile Include="RoomEditing.cpp">
      <Filter>MainGame\GameObject\RoomEditing</Filter>
    </ClCompile>
  </ItemGroup>
  <ItemGroup>
    <ClInclude Include="MainConfig.h">
      <Filter>헤더 파일</Filter>
    </ClInclude>
    <ClInclude Include="MainGame.h">
      <Filter>MainGame</Filter>
    </ClInclude>
    <ClInclude Include="Singleton.h">
      <Filter>FrameWork\_Singleton</Filter>
    </ClInclude>
    <ClInclude Include="Image.h">
      <Filter>FrameWork\Image</Filter>
    </ClInclude>
    <ClInclude Include="Timer.h">
      <Filter>FrameWork\Timer</Filter>
    </ClInclude>
    <ClInclude Include="ImageManager.h">
      <Filter>FrameWork\_Singleton</Filter>
    </ClInclude>
    <ClInclude Include="KeyManager.h">
      <Filter>FrameWork\_Singleton</Filter>
    </ClInclude>
    <ClInclude Include="SceneManager.h">
      <Filter>FrameWork\_Singleton</Filter>
    </ClInclude>
    <ClInclude Include="TimeManager.h">
      <Filter>FrameWork\_Singleton</Filter>
    </ClInclude>
    <ClInclude Include="Scene.h">
      <Filter>FrameWork\Scene</Filter>
    </ClInclude>
    <ClInclude Include="GameObject.h">
      <Filter>FrameWork\GameObject</Filter>
    </ClInclude>
    <ClInclude Include="Monster.h">
      <Filter>FrameWork\GameObject\Monster</Filter>
    </ClInclude>
    <ClInclude Include="Player.h">
      <Filter>MainGame\GameObject\Player</Filter>
    </ClInclude>
    <ClInclude Include="TitleScene.h">
      <Filter>MainGame\Scene</Filter>
    </ClInclude>
    <ClInclude Include="InGameScene.h">
      <Filter>MainGame\Scene</Filter>
    </ClInclude>
    <ClInclude Include="Weapon.h">
      <Filter>MainGame\GameObject\Weapon</Filter>
    </ClInclude>
    <ClInclude Include="WeaponManager.h">
      <Filter>MainGame\GameObject\Weapon</Filter>
    </ClInclude>
    <ClInclude Include="TilemapToolScene.h">
      <Filter>MainGame\Scene</Filter>
    </ClInclude>
    <ClInclude Include="Button.h">
      <Filter>MainGame\GameObject\Button</Filter>
    </ClInclude>
    <ClInclude Include="ButtonFunction.h">
      <Filter>MainGame\GameObject\Button</Filter>
    </ClInclude>
    <ClInclude Include="Input.h">
      <Filter>FrameWork\Input</Filter>
    </ClInclude>
    <ClInclude Include="MapEditing.h">
      <Filter>MainGame\GameObject\MapEditing</Filter>
    </ClInclude>
    <ClInclude Include="Stage01Scene.h">
      <Filter>MainGame\Scene</Filter>
    </ClInclude>
    <ClInclude Include="RoomEditing.h">
      <Filter>MainGame\GameObject\RoomEditing</Filter>
    </ClInclude>
  </ItemGroup>
</Project>